
Microsoft Visual Studio Solution File, Format Version 12.00
# Visual Studio Version 17
VisualStudioVersion = 17.7.34024.191
MinimumVisualStudioVersion = 10.0.40219.1
Project("{FAE04EC0-301F-11D3-BF4B-00C04F79EFBC}") = "Pet Simulator Project", "Pet Simulator Project\Pet Simulator Project.csproj", "{064741BF-1D1D-4EC4-9BB5-4A289DBFBE1D}"
EndProject
Global
	GlobalSection(SolutionConfigurationPlatforms) = preSolution
		Debug|Any CPU = Debug|Any CPU
		Release|Any CPU = Release|Any CPU
	EndGlobalSection
	GlobalSection(ProjectConfigurationPlatforms) = postSolution
		{064741BF-1D1D-4EC4-9BB5-4A289DBFBE1D}.Debug|Any CPU.ActiveCfg = Debug|Any CPU
		{064741BF-1D1D-4EC4-9BB5-4A289DBFBE1D}.Debug|Any CPU.Build.0 = Debug|Any CPU
		{064741BF-1D1D-4EC4-9BB5-4A289DBFBE1D}.Release|Any CPU.ActiveCfg = Release|Any CPU
		{064741BF-1D1D-4EC4-9BB5-4A289DBFBE1D}.Release|Any CPU.Build.0 = Release|Any CPU
	EndGlobalSection
	GlobalSection(SolutionProperties) = preSolution
		HideSolutionNode = FALSE
	EndGlobalSection
	GlobalSection(ExtensibilityGlobals) = postSolution
		SolutionGuid = {00840AD0-5468-4877-97CA-27324D3F35C5}
	EndGlobalSection
EndGlobal
